
Microsoft Visual Studio Solution File, Format Version 12.00
# Visual Studio Version 16
VisualStudioVersion = 16.0.31613.86
MinimumVisualStudioVersion = 10.0.40219.1
Project("{FAE04EC0-301F-11D3-BF4B-00C04F79EFBC}") = "B0226497_段昱如_PDPR_week5_3", "B0226497_段昱如_PDPR_week5_3.csproj", "{553C508C-2824-4F88-AB5E-D475C18F06BA}"
EndProject
Global
	GlobalSection(SolutionConfigurationPlatforms) = preSolution
		Debug|Any CPU = Debug|Any CPU
		Release|Any CPU = Release|Any CPU
	EndGlobalSection
	GlobalSection(ProjectConfigurationPlatforms) = postSolution
		{553C508C-2824-4F88-AB5E-D475C18F06BA}.Debug|Any CPU.ActiveCfg = Debug|Any CPU
		{553C508C-2824-4F88-AB5E-D475C18F06BA}.Debug|Any CPU.Build.0 = Debug|Any CPU
		{553C508C-2824-4F88-AB5E-D475C18F06BA}.Release|Any CPU.ActiveCfg = Release|Any CPU
		{553C508C-2824-4F88-AB5E-D475C18F06BA}.Release|Any CPU.Build.0 = Release|Any CPU
	EndGlobalSection
	GlobalSection(SolutionProperties) = preSolution
		HideSolutionNode = FALSE
	EndGlobalSection
	GlobalSection(ExtensibilityGlobals) = postSolution
		SolutionGuid = {A3A84133-512E-4F5A-BF01-AC034BC6F069}
	EndGlobalSection
EndGlobal
